
Microsoft Visual Studio Solution File, Format Version 12.00
# Visual Studio Version 17
VisualStudioVersion = 17.6.33815.320
MinimumVisualStudioVersion = 10.0.40219.1
Project("{FAE04EC0-301F-11D3-BF4B-00C04F79EFBC}") = "ConAppProdcInventory", "ConAppProdcInventory\ConAppProdcInventory.csproj", "{EF21891D-B145-441B-B944-8CE24A100E85}"
EndProject
Global
	GlobalSection(SolutionConfigurationPlatforms) = preSolution
		Debug|Any CPU = Debug|Any CPU
		Release|Any CPU = Release|Any CPU
	EndGlobalSection
	GlobalSection(ProjectConfigurationPlatforms) = postSolution
		{EF21891D-B145-441B-B944-8CE24A100E85}.Debug|Any CPU.ActiveCfg = Debug|Any CPU
		{EF21891D-B145-441B-B944-8CE24A100E85}.Debug|Any CPU.Build.0 = Debug|Any CPU
		{EF21891D-B145-441B-B944-8CE24A100E85}.Release|Any CPU.ActiveCfg = Release|Any CPU
		{EF21891D-B145-441B-B944-8CE24A100E85}.Release|Any CPU.Build.0 = Release|Any CPU
	EndGlobalSection
	GlobalSection(SolutionProperties) = preSolution
		HideSolutionNode = FALSE
	EndGlobalSection
	GlobalSection(ExtensibilityGlobals) = postSolution
		SolutionGuid = {E6884222-146D-4A43-BC00-7F45820A1F85}
	EndGlobalSection
EndGlobal
